
Microsoft Visual Studio Solution File, Format Version 12.00
# Visual Studio Version 17
VisualStudioVersion = 17.12.35707.178
MinimumVisualStudioVersion = 10.0.40219.1
Project("{8BC9CEB8-8B4A-11D0-8D11-00A0C91BC942}") = "Arrays", "Arrays\Arrays.vcxproj", "{B57C3881-CAA3-4BAC-97DC-CF1668C87D07}"
EndProject
Project("{8BC9CEB8-8B4A-11D0-8D11-00A0C91BC942}") = "Shift", "Shift\Shift.vcxproj", "{83BD6046-01C7-4F2A-A734-5F9C90E602FD}"
EndProject
Project("{8BC9CEB8-8B4A-11D0-8D11-00A0C91BC942}") = "2Darrays", "2Darrays\2Darrays.vcxproj", "{51FC4E6E-3CEF-4DD7-A67B-65C8DEED6279}"
EndProject
Project("{8BC9CEB8-8B4A-11D0-8D11-00A0C91BC942}") = "Numerics", "Numerics\Numerics.vcxproj", "{571D938A-DCDA-4201-A8A2-508375186AD0}"
EndProject
Project("{8BC9CEB8-8B4A-11D0-8D11-00A0C91BC942}") = "Unique", "Unique\Unique.vcxproj", "{FAB1A6A2-0AFA-471C-B2CC-E77EAC6489E5}"
EndProject
Project("{8BC9CEB8-8B4A-11D0-8D11-00A0C91BC942}") = "Repeats", "Repeats\Repeats.vcxproj", "{6E15ED9A-F915-45A6-BE5A-E01BCEE422A2}"
EndProject
Project("{8BC9CEB8-8B4A-11D0-8D11-00A0C91BC942}") = "Unique2", "Unique2\Unique2.vcxproj", "{17136C6D-3E46-4FFD-AC24-A731C0EA2803}"
EndProject
Global
	GlobalSection(SolutionConfigurationPlatforms) = preSolution
		Debug|x64 = Debug|x64
		Debug|x86 = Debug|x86
		Release|x64 = Release|x64
		Release|x86 = Release|x86
	EndGlobalSection
	GlobalSection(ProjectConfigurationPlatforms) = postSolution
		{B57C3881-CAA3-4BAC-97DC-CF1668C87D07}.Debug|x64.ActiveCfg = Debug|x64
		{B57C3881-CAA3-4BAC-97DC-CF1668C87D07}.Debug|x64.Build.0 = Debug|x64
		{B57C3881-CAA3-4BAC-97DC-CF1668C87D07}.Debug|x86.ActiveCfg = Debug|Win32
		{B57C3881-CAA3-4BAC-97DC-CF1668C87D07}.Debug|x86.Build.0 = Debug|Win32
		{B57C3881-CAA3-4BAC-97DC-CF1668C87D07}.Release|x64.ActiveCfg = Release|x64
		{B57C3881-CAA3-4BAC-97DC-CF1668C87D07}.Release|x64.Build.0 = Release|x64
		{B57C3881-CAA3-4BAC-97DC-CF1668C87D07}.Release|x86.ActiveCfg = Release|Win32
		{B57C3881-CAA3-4BAC-97DC-CF1668C87D07}.Release|x86.Build.0 = Release|Win32
		{83BD6046-01C7-4F2A-A734-5F9C90E602FD}.Debug|x64.ActiveCfg = Debug|x64
		{83BD6046-01C7-4F2A-A734-5F9C90E602FD}.Debug|x64.Build.0 = Debug|x64
		{83BD6046-01C7-4F2A-A734-5F9C90E602FD}.Debug|x86.ActiveCfg = Debug|Win32
		{83BD6046-01C7-4F2A-A734-5F9C90E602FD}.Debug|x86.Build.0 = Debug|Win32
		{83BD6046-01C7-4F2A-A734-5F9C90E602FD}.Release|x64.ActiveCfg = Release|x64
		{83BD6046-01C7-4F2A-A734-5F9C90E602FD}.Release|x64.Build.0 = Release|x64
		{83BD6046-01C7-4F2A-A734-5F9C90E602FD}.Release|x86.ActiveCfg = Release|Win32
		{83BD6046-01C7-4F2A-A734-5F9C90E602FD}.Release|x86.Build.0 = Release|Win32
		{51FC4E6E-3CEF-4DD7-A67B-65C8DEED6279}.Debug|x64.ActiveCfg = Debug|x64
		{51FC4E6E-3CEF-4DD7-A67B-65C8DEED6279}.Debug|x64.Build.0 = Debug|x64
		{51FC4E6E-3CEF-4DD7-A67B-65C8DEED6279}.Debug|x86.ActiveCfg = Debug|Win32
		{51FC4E6E-3CEF-4DD7-A67B-65C8DEED6279}.Debug|x86.Build.0 = Debug|Win32
		{51FC4E6E-3CEF-4DD7-A67B-65C8DEED6279}.Release|x64.ActiveCfg = Release|x64
		{51FC4E6E-3CEF-4DD7-A67B-65C8DEED6279}.Release|x64.Build.0 = Release|x64
		{51FC4E6E-3CEF-4DD7-A67B-65C8DEED6279}.Release|x86.ActiveCfg = Release|Win32
		{51FC4E6E-3CEF-4DD7-A67B-65C8DEED6279}.Release|x86.Build.0 = Release|Win32
		{571D938A-DCDA-4201-A8A2-508375186AD0}.Debug|x64.ActiveCfg = Debug|x64
		{571D938A-DCDA-4201-A8A2-508375186AD0}.Debug|x64.Build.0 = Debug|x64
		{571D938A-DCDA-4201-A8A2-508375186AD0}.Debug|x86.ActiveCfg = Debug|Win32
		{571D938A-DCDA-4201-A8A2-508375186AD0}.Debug|x86.Build.0 = Debug|Win32
		{571D938A-DCDA-4201-A8A2-508375186AD0}.Release|x64.ActiveCfg = Release|x64
		{571D938A-DCDA-4201-A8A2-508375186AD0}.Release|x64.Build.0 = Release|x64
		{571D938A-DCDA-4201-A8A2-508375186AD0}.Release|x86.ActiveCfg = Release|Win32
		{571D938A-DCDA-4201-A8A2-508375186AD0}.Release|x86.Build.0 = Release|Win32
		{FAB1A6A2-0AFA-471C-B2CC-E77EAC6489E5}.Debug|x64.ActiveCfg = Debug|x64
		{FAB1A6A2-0AFA-471C-B2CC-E77EAC6489E5}.Debug|x64.Build.0 = Debug|x64
		{FAB1A6A2-0AFA-471C-B2CC-E77EAC6489E5}.Debug|x86.ActiveCfg = Debug|Win32
		{FAB1A6A2-0AFA-471C-B2CC-E77EAC6489E5}.Debug|x86.Build.0 = Debug|Win32
		{FAB1A6A2-0AFA-471C-B2CC-E77EAC6489E5}.Release|x64.ActiveCfg = Release|x64
		{FAB1A6A2-0AFA-471C-B2CC-E77EAC6489E5}.Release|x64.Build.0 = Release|x64
		{FAB1A6A2-0AFA-471C-B2CC-E77EAC6489E5}.Release|x86.ActiveCfg = Release|Win32
		{FAB1A6A2-0AFA-471C-B2CC-E77EAC6489E5}.Release|x86.Build.0 = Release|Win32
		{6E15ED9A-F915-45A6-BE5A-E01BCEE422A2}.Debug|x64.ActiveCfg = Debug|x64
		{6E15ED9A-F915-45A6-BE5A-E01BCEE422A2}.Debug|x64.Build.0 = Debug|x64
		{6E15ED9A-F915-45A6-BE5A-E01BCEE422A2}.Debug|x86.ActiveCfg = Debug|Win32
		{6E15ED9A-F915-45A6-BE5A-E01BCEE422A2}.Debug|x86.Build.0 = Debug|Win32
		{6E15ED9A-F915-45A6-BE5A-E01BCEE422A2}.Release|x64.ActiveCfg = Release|x64
		{6E15ED9A-F915-45A6-BE5A-E01BCEE422A2}.Release|x64.Build.0 = Release|x64
		{6E15ED9A-F915-45A6-BE5A-E01BCEE422A2}.Release|x86.ActiveCfg = Release|Win32
		{6E15ED9A-F915-45A6-BE5A-E01BCEE422A2}.Release|x86.Build.0 = Release|Win32
		{17136C6D-3E46-4FFD-AC24-A731C0EA2803}.Debug|x64.ActiveCfg = Debug|x64
		{17136C6D-3E46-4FFD-AC24-A731C0EA2803}.Debug|x64.Build.0 = Debug|x64
		{17136C6D-3E46-4FFD-AC24-A731C0EA2803}.Debug|x86.ActiveCfg = Debug|Win32
		{17136C6D-3E46-4FFD-AC24-A731C0EA2803}.Debug|x86.Build.0 = Debug|Win32
		{17136C6D-3E46-4FFD-AC24-A731C0EA2803}.Release|x64.ActiveCfg = Release|x64
		{17136C6D-3E46-4FFD-AC24-A731C0EA2803}.Release|x64.Build.0 = Release|x64
		{17136C6D-3E46-4FFD-AC24-A731C0EA2803}.Release|x86.ActiveCfg = Release|Win32
		{17136C6D-3E46-4FFD-AC24-A731C0EA2803}.Release|x86.Build.0 = Release|Win32
	EndGlobalSection
	GlobalSection(SolutionProperties) = preSolution
		HideSolutionNode = FALSE
	EndGlobalSection
EndGlobal
